// !$*UTF8*$!
{
	archiveVersion = 1;
	classes = {
	};
	objectVersion = 46;
	objects = {

/* Begin PBXBuildFile section */
		F44C458F1947767300EF0F2A /* Foundation.framework in Frameworks */ = {isa = PBXBuildFile; fileRef = F44C458E1947767300EF0F2A /* Foundation.framework */; };
		F44C45911947767300EF0F2A /* CoreGraphics.framework in Frameworks */ = {isa = PBXBuildFile; fileRef = F44C45901947767300EF0F2A /* CoreGraphics.framework */; };
		F44C45931947767300EF0F2A /* UIKit.framework in Frameworks */ = {isa = PBXBuildFile; fileRef = F44C45921947767300EF0F2A /* UIKit.framework */; };
		F44C45951947767300EF0F2A /* SpriteKit.framework in Frameworks */ = {isa = PBXBuildFile; fileRef = F44C45941947767300EF0F2A /* SpriteKit.framework */; };
		F44C459B1947767300EF0F2A /* InfoPlist.strings in Resources */ = {isa = PBXBuildFile; fileRef = F44C45991947767300EF0F2A /* InfoPlist.strings */; };
		F44C459D1947767300EF0F2A /* main.m in Sources */ = {isa = PBXBuildFile; fileRef = F44C459C1947767300EF0F2A /* main.m */; };
		F44C45A11947767300EF0F2A /* SKDAppDelegate.m in Sources */ = {isa = PBXBuildFile; fileRef = F44C45A01947767300EF0F2A /* SKDAppDelegate.m */; };
		F44C45A41947767300EF0F2A /* Main.storyboard in Resources */ = {isa = PBXBuildFile; fileRef = F44C45A21947767300EF0F2A /* Main.storyboard */; };
		F44C45A71947767300EF0F2A /* SKDViewController.m in Sources */ = {isa = PBXBuildFile; fileRef = F44C45A61947767300EF0F2A /* SKDViewController.m */; };
		F44C45AA1947767300EF0F2A /* SKDMyScene.m in Sources */ = {isa = PBXBuildFile; fileRef = F44C45A91947767300EF0F2A /* SKDMyScene.m */; };
		F44C45AC1947767300EF0F2A /* Spaceship.png in Resources */ = {isa = PBXBuildFile; fileRef = F44C45AB1947767300EF0F2A /* Spaceship.png */; };
		F44C45AE1947767300EF0F2A /* Images.xcassets in Resources */ = {isa = PBXBuildFile; fileRef = F44C45AD1947767300EF0F2A /* Images.xcassets */; };
		F44C45B51947767300EF0F2A /* XCTest.framework in Frameworks */ = {isa = PBXBuildFile; fileRef = F44C45B41947767300EF0F2A /* XCTest.framework */; };
		F44C45B61947767300EF0F2A /* Foundation.framework in Frameworks */ = {isa = PBXBuildFile; fileRef = F44C458E1947767300EF0F2A /* Foundation.framework */; };
		F44C45B71947767300EF0F2A /* UIKit.framework in Frameworks */ = {isa = PBXBuildFile; fileRef = F44C45921947767300EF0F2A /* UIKit.framework */; };
		F44C45BF1947767300EF0F2A /* InfoPlist.strings in Resources */ = {isa = PBXBuildFile; fileRef = F44C45BD1947767300EF0F2A /* InfoPlist.strings */; };
		F44C45C11947767400EF0F2A /* SpriteKitDemoTests.m in Sources */ = {isa = PBXBuildFile; fileRef = F44C45C01947767400EF0F2A /* SpriteKitDemoTests.m */; };
		F45CA5D21947D4C000359C74 /* Bird.atlas in Resources */ = {isa = PBXBuildFile; fileRef = F45CA5D11947D4C000359C74 /* Bird.atlas */; };
		F45CA5DD1947D90A00359C74 /* SKDBird.m in Sources */ = {isa = PBXBuildFile; fileRef = F45CA5DC1947D90A00359C74 /* SKDBird.m */; };
/* End PBXBuildFile section */

/* Begin PBXContainerItemProxy section */
		F44C45B81947767300EF0F2A /* PBXContainerItemProxy */ = {
			isa = PBXContainerItemProxy;
			containerPortal = F44C45831947767300EF0F2A /* Project object */;
			proxyType = 1;
			remoteGlobalIDString = F44C458A1947767300EF0F2A;
			remoteInfo = SpriteKitDemo;
		};
/* End PBXContainerItemProxy section */

/* Begin PBXFileReference section */
		F44C458B1947767300EF0F2A /* SpriteKitDemo.app */ = {isa = PBXFileReference; explicitFileType = wrapper.application; includeInIndex = 0; path = SpriteKitDemo.app; sourceTree = BUILT_PRODUCTS_DIR; };
		F44C458E1947767300EF0F2A /* Foundation.framework */ = {isa = PBXFileReference; lastKnownFileType = wrapper.framework; name = Foundation.framework; path = System/Library/Frameworks/Foundation.framework; sourceTree = SDKROOT; };
		F44C45901947767300EF0F2A /* CoreGraphics.framework */ = {isa = PBXFileReference; lastKnownFileType = wrapper.framework; name = CoreGraphics.framework; path = System/Library/Frameworks/CoreGraphics.framework; sourceTree = SDKROOT; };
		F44C45921947767300EF0F2A /* UIKit.framework */ = {isa = PBXFileReference; lastKnownFileType = wrapper.framework; name = UIKit.framework; path = System/Library/Frameworks/UIKit.framework; sourceTree = SDKROOT; };
		F44C45941947767300EF0F2A /* SpriteKit.framework */ = {isa = PBXFileReference; lastKnownFileType = wrapper.framework; name = SpriteKit.framework; path = System/Library/Frameworks/SpriteKit.framework; sourceTree = SDKROOT; };
		F44C45981947767300EF0F2A /* SpriteKitDemo-Info.plist */ = {isa = PBXFileReference; lastKnownFileType = text.plist.xml; path = "SpriteKitDemo-Info.plist"; sourceTree = "<group>"; };
		F44C459A1947767300EF0F2A /* en */ = {isa = PBXFileReference; lastKnownFileType = text.plist.strings; name = en; path = en.lproj/InfoPlist.strings; sourceTree = "<group>"; };
		F44C459C1947767300EF0F2A /* main.m */ = {isa = PBXFileReference; lastKnownFileType = sourcecode.c.objc; path = main.m; sourceTree = "<group>"; };
		F44C459E1947767300EF0F2A /* SpriteKitDemo-Prefix.pch */ = {isa = PBXFileReference; lastKnownFileType = sourcecode.c.h; path = "SpriteKitDemo-Prefix.pch"; sourceTree = "<group>"; };
		F44C459F1947767300EF0F2A /* SKDAppDelegate.h */ = {isa = PBXFileReference; lastKnownFileType = sourcecode.c.h; path = SKDAppDelegate.h; sourceTree = "<group>"; };
		F44C45A01947767300EF0F2A /* SKDAppDelegate.m */ = {isa = PBXFileReference; lastKnownFileType = sourcecode.c.objc; path = SKDAppDelegate.m; sourceTree = "<group>"; };
		F44C45A31947767300EF0F2A /* Base */ = {isa = PBXFileReference; lastKnownFileType = file.storyboard; name = Base; path = Base.lproj/Main.storyboard; sourceTree = "<group>"; };
		F44C45A51947767300EF0F2A /* SKDViewController.h */ = {isa = PBXFileReference; lastKnownFileType = sourcecode.c.h; path = SKDViewController.h; sourceTree = "<group>"; };
		F44C45A61947767300EF0F2A /* SKDViewController.m */ = {isa = PBXFileReference; lastKnownFileType = sourcecode.c.objc; path = SKDViewController.m; sourceTree = "<group>"; };
		F44C45A81947767300EF0F2A /* SKDMyScene.h */ = {isa = PBXFileReference; lastKnownFileType = sourcecode.c.h; path = SKDMyScene.h; sourceTree = "<group>"; };
		F44C45A91947767300EF0F2A /* SKDMyScene.m */ = {isa = PBXFileReference; lastKnownFileType = sourcecode.c.objc; path = SKDMyScene.m; sourceTree = "<group>"; };
		F44C45AB1947767300EF0F2A /* Spaceship.png */ = {isa = PBXFileReference; lastKnownFileType = image.png; path = Spaceship.png; sourceTree = "<group>"; };
		F44C45AD1947767300EF0F2A /* Images.xcassets */ = {isa = PBXFileReference; lastKnownFileType = folder.assetcatalog; path = Images.xcassets; sourceTree = "<group>"; };
		F44C45B31947767300EF0F2A /* SpriteKitDemoTests.xctest */ = {isa = PBXFileReference; explicitFileType = wrapper.cfbundle; includeInIndex = 0; path = SpriteKitDemoTests.xctest; sourceTree = BUILT_PRODUCTS_DIR; };
		F44C45B41947767300EF0F2A /* XCTest.framework */ = {isa = PBXFileReference; lastKnownFileType = wrapper.framework; name = XCTest.framework; path = Library/Frameworks/XCTest.framework; sourceTree = DEVELOPER_DIR; };
		F44C45BC1947767300EF0F2A /* SpriteKitDemoTests-Info.plist */ = {isa = PBXFileReference; lastKnownFileType = text.plist.xml; path = "SpriteKitDemoTests-Info.plist"; sourceTree = "<group>"; };
		F44C45BE1947767300EF0F2A /* en */ = {isa = PBXFileReference; lastKnownFileType = text.plist.strings; name = en; path = en.lproj/InfoPlist.strings; sourceTree = "<group>"; };
		F44C45C01947767400EF0F2A /* SpriteKitDemoTests.m */ = {isa = PBXFileReference; lastKnownFileType = sourcecode.c.objc; path = SpriteKitDemoTests.m; sourceTree = "<group>"; };
		F45CA5D11947D4C000359C74 /* Bird.atlas */ = {isa = PBXFileReference; lastKnownFileType = folder.skatlas; path = Bird.atlas; sourceTree = "<group>"; };
		F45CA5DB1947D90A00359C74 /* SKDBird.h */ = {isa = PBXFileReference; fileEncoding = 4; lastKnownFileType = sourcecode.c.h; path = SKDBird.h; sourceTree = "<group>"; };
		F45CA5DC1947D90A00359C74 /* SKDBird.m */ = {isa = PBXFileReference; fileEncoding = 4; lastKnownFileType = sourcecode.c.objc; path = SKDBird.m; sourceTree = "<group>"; };
		F45CA5DE1947E61700359C74 /* Constants.h */ = {isa = PBXFileReference; lastKnownFileType = sourcecode.c.h; path = Constants.h; sourceTree = "<group>"; };
/* End PBXFileReference section */

/* Begin PBXFrameworksBuildPhase section */
		F44C45881947767300EF0F2A /* Frameworks */ = {
			isa = PBXFrameworksBuildPhase;
			buildActionMask = 2147483647;
			files = (
				F44C45911947767300EF0F2A /* CoreGraphics.framework in Frameworks */,
				F44C45931947767300EF0F2A /* UIKit.framework in Frameworks */,
				F44C45951947767300EF0F2A /* SpriteKit.framework in Frameworks */,
				F44C458F1947767300EF0F2A /* Foundation.framework in Frameworks */,
			);
			runOnlyForDeploymentPostprocessing = 0;
		};
		F44C45B01947767300EF0F2A /* Frameworks */ = {
			isa = PBXFrameworksBuildPhase;
			buildActionMask = 2147483647;
			files = (
				F44C45B51947767300EF0F2A /* XCTest.framework in Frameworks */,
				F44C45B71947767300EF0F2A /* UIKit.framework in Frameworks */,
				F44C45B61947767300EF0F2A /* Foundation.framework in Frameworks */,
			);
			runOnlyForDeploymentPostprocessing = 0;
		};
/* End PBXFrameworksBuildPhase section */

/* Begin PBXGroup section */
		F44C45821947767300EF0F2A = {
			isa = PBXGroup;
			children = (
				F44C45961947767300EF0F2A /* SpriteKitDemo */,
				F44C45BA1947767300EF0F2A /* SpriteKitDemoTests */,
				F44C458D1947767300EF0F2A /* Frameworks */,
				F44C458C1947767300EF0F2A /* Products */,
			);
			sourceTree = "<group>";
		};
		F44C458C1947767300EF0F2A /* Products */ = {
			isa = PBXGroup;
			children = (
				F44C458B1947767300EF0F2A /* SpriteKitDemo.app */,
				F44C45B31947767300EF0F2A /* SpriteKitDemoTests.xctest */,
			);
			name = Products;
			sourceTree = "<group>";
		};
		F44C458D1947767300EF0F2A /* Frameworks */ = {
			isa = PBXGroup;
			children = (
				F44C458E1947767300EF0F2A /* Foundation.framework */,
				F44C45901947767300EF0F2A /* CoreGraphics.framework */,
				F44C45921947767300EF0F2A /* UIKit.framework */,
				F44C45941947767300EF0F2A /* SpriteKit.framework */,
				F44C45B41947767300EF0F2A /* XCTest.framework */,
			);
			name = Frameworks;
			sourceTree = "<group>";
		};
		F44C45961947767300EF0F2A /* SpriteKitDemo */ = {
			isa = PBXGroup;
			children = (
				F45CA5D31947D86400359C74 /* Class */,
				F45CA5D01947D4C000359C74 /* Resource */,
				F44C459F1947767300EF0F2A /* SKDAppDelegate.h */,
				F44C45A01947767300EF0F2A /* SKDAppDelegate.m */,
				F44C45A21947767300EF0F2A /* Main.storyboard */,
				F44C45A51947767300EF0F2A /* SKDViewController.h */,
				F44C45A61947767300EF0F2A /* SKDViewController.m */,
				F44C45A81947767300EF0F2A /* SKDMyScene.h */,
				F44C45A91947767300EF0F2A /* SKDMyScene.m */,
				F44C45AB1947767300EF0F2A /* Spaceship.png */,
				F44C45AD1947767300EF0F2A /* Images.xcassets */,
				F44C45971947767300EF0F2A /* Supporting Files */,
			);
			path = SpriteKitDemo;
			sourceTree = "<group>";
		};
		F44C45971947767300EF0F2A /* Supporting Files */ = {
			isa = PBXGroup;
			children = (
				F44C45981947767300EF0F2A /* SpriteKitDemo-Info.plist */,
				F44C45991947767300EF0F2A /* InfoPlist.strings */,
				F44C459C1947767300EF0F2A /* main.m */,
				F44C459E1947767300EF0F2A /* SpriteKitDemo-Prefix.pch */,
			);
			name = "Supporting Files";
			sourceTree = "<group>";
		};
		F44C45BA1947767300EF0F2A /* SpriteKitDemoTests */ = {
			isa = PBXGroup;
			children = (
				F44C45C01947767400EF0F2A /* SpriteKitDemoTests.m */,
				F44C45BB1947767300EF0F2A /* Supporting Files */,
			);
			path = SpriteKitDemoTests;
			sourceTree = "<group>";
		};
		F44C45BB1947767300EF0F2A /* Supporting Files */ = {
			isa = PBXGroup;
			children = (
				F44C45BC1947767300EF0F2A /* SpriteKitDemoTests-Info.plist */,
				F44C45BD1947767300EF0F2A /* InfoPlist.strings */,
			);
			name = "Supporting Files";
			sourceTree = "<group>";
		};
		F45CA5D01947D4C000359C74 /* Resource */ = {
			isa = PBXGroup;
			children = (
				F45CA5D11947D4C000359C74 /* Bird.atlas */,
			);
			path = Resource;
			sourceTree = "<group>";
		};
		F45CA5D31947D86400359C74 /* Class */ = {
			isa = PBXGroup;
			children = (
				F45CA5D41947D86400359C74 /* Logic */,
				F45CA5D51947D86400359C74 /* Scenes */,
				F45CA5D61947D86400359C74 /* ViewController */,
			);
			path = Class;
			sourceTree = "<group>";
		};
		F45CA5D41947D86400359C74 /* Logic */ = {
			isa = PBXGroup;
			children = (
				F45CA5DE1947E61700359C74 /* Constants.h */,
			);
			path = Logic;
			sourceTree = "<group>";
		};
		F45CA5D51947D86400359C74 /* Scenes */ = {
			isa = PBXGroup;
			children = (
				F45CA5DA1947D90A00359C74 /* Nodes */,
			);
			path = Scenes;
			sourceTree = "<group>";
		};
		F45CA5D61947D86400359C74 /* ViewController */ = {
			isa = PBXGroup;
			children = (
			);
			path = ViewController;
			sourceTree = "<group>";
		};
		F45CA5DA1947D90A00359C74 /* Nodes */ = {
			isa = PBXGroup;
			children = (
				F45CA5DB1947D90A00359C74 /* SKDBird.h */,
				F45CA5DC1947D90A00359C74 /* SKDBird.m */,
			);
			path = Nodes;
			sourceTree = "<group>";
		};
/* End PBXGroup section */

/* Begin PBXNativeTarget section */
		F44C458A1947767300EF0F2A /* SpriteKitDemo */ = {
			isa = PBXNativeTarget;
			buildConfigurationList = F44C45C41947767400EF0F2A /* Build configuration list for PBXNativeTarget "SpriteKitDemo" */;
			buildPhases = (
				F44C45871947767300EF0F2A /* Sources */,
				F44C45881947767300EF0F2A /* Frameworks */,
				F44C45891947767300EF0F2A /* Resources */,
			);
			buildRules = (
			);
			dependencies = (
			);
			name = SpriteKitDemo;
			productName = SpriteKitDemo;
			productReference = F44C458B1947767300EF0F2A /* SpriteKitDemo.app */;
			productType = "com.apple.product-type.application";
		};
		F44C45B21947767300EF0F2A /* SpriteKitDemoTests */ = {
			isa = PBXNativeTarget;
			buildConfigurationList = F44C45C71947767400EF0F2A /* Build configuration list for PBXNativeTarget "SpriteKitDemoTests" */;
			buildPhases = (
				F44C45AF1947767300EF0F2A /* Sources */,
				F44C45B01947767300EF0F2A /* Frameworks */,
				F44C45B11947767300EF0F2A /* Resources */,
			);
			buildRules = (
			);
			dependencies = (
				F44C45B91947767300EF0F2A /* PBXTargetDependency */,
			);
			name = SpriteKitDemoTests;
			productName = SpriteKitDemoTests;
			productReference = F44C45B31947767300EF0F2A /* SpriteKitDemoTests.xctest */;
			productType = "com.apple.product-type.bundle.unit-test";
		};
/* End PBXNativeTarget section */

/* Begin PBXProject section */
		F44C45831947767300EF0F2A /* Project object */ = {
			isa = PBXProject;
			attributes = {
				CLASSPREFIX = SKD;
				LastUpgradeCheck = 0510;
				ORGANIZATIONNAME = kodebinario;
				TargetAttributes = {
					F44C45B21947767300EF0F2A = {
						TestTargetID = F44C458A1947767300EF0F2A;
					};
				};
			};
			buildConfigurationList = F44C45861947767300EF0F2A /* Build configuration list for PBXProject "SpriteKitDemo" */;
			compatibilityVersion = "Xcode 3.2";
			developmentRegion = English;
			hasScannedForEncodings = 0;
			knownRegions = (
				en,
				Base,
			);
			mainGroup = F44C45821947767300EF0F2A;
			productRefGroup = F44C458C1947767300EF0F2A /* Products */;
			projectDirPath = "";
			projectRoot = "";
			targets = (
				F44C458A1947767300EF0F2A /* SpriteKitDemo */,
				F44C45B21947767300EF0F2A /* SpriteKitDemoTests */,
			);
		};
/* End PBXProject section */

/* Begin PBXResourcesBuildPhase section */
		F44C45891947767300EF0F2A /* Resources */ = {
			isa = PBXResourcesBuildPhase;
			buildActionMask = 2147483647;
			files = (
				F44C459B1947767300EF0F2A /* InfoPlist.strings in Resources */,
				F45CA5D21947D4C000359C74 /* Bird.atlas in Resources */,
				F44C45AE1947767300EF0F2A /* Images.xcassets in Resources */,
				F44C45AC1947767300EF0F2A /* Spaceship.png in Resources */,
				F44C45A41947767300EF0F2A /* Main.storyboard in Resources */,
			);
			runOnlyForDeploymentPostprocessing = 0;
		};
		F44C45B11947767300EF0F2A /* Resources */ = {
			isa = PBXResourcesBuildPhase;
			buildActionMask = 2147483647;
			files = (
				F44C45BF1947767300EF0F2A /* InfoPlist.strings in Resources */,
			);
			runOnlyForDeploymentPostprocessing = 0;
		};
/* End PBXResourcesBuildPhase section */

/* Begin PBXSourcesBuildPhase section */
		F44C45871947767300EF0F2A /* Sources */ = {
			isa = PBXSourcesBuildPhase;
			buildActionMask = 2147483647;
			files = (
				F44C459D1947767300EF0F2A /* main.m in Sources */,
				F44C45AA1947767300EF0F2A /* SKDMyScene.m in Sources */,
				F44C45A11947767300EF0F2A /* SKDAppDelegate.m in Sources */,
				F44C45A71947767300EF0F2A /* SKDViewController.m in Sources */,
				F45CA5DD1947D90A00359C74 /* SKDBird.m in Sources */,
			);
			runOnlyForDeploymentPostprocessing = 0;
		};
		F44C45AF1947767300EF0F2A /* Sources */ = {
			isa = PBXSourcesBuildPhase;
			buildActionMask = 2147483647;
			files = (
				F44C45C11947767400EF0F2A /* SpriteKitDemoTests.m in Sources */,
			);
			runOnlyForDeploymentPostprocessing = 0;
		};
/* End PBXSourcesBuildPhase section */

/* Begin PBXTargetDependency section */
		F44C45B91947767300EF0F2A /* PBXTargetDependency */ = {
			isa = PBXTargetDependency;
			target = F44C458A1947767300EF0F2A /* SpriteKitDemo */;
			targetProxy = F44C45B81947767300EF0F2A /* PBXContainerItemProxy */;
		};
/* End PBXTargetDependency section */

/* Begin PBXVariantGroup section */
		F44C45991947767300EF0F2A /* InfoPlist.strings */ = {
			isa = PBXVariantGroup;
			children = (
				F44C459A1947767300EF0F2A /* en */,
			);
			name = InfoPlist.strings;
			sourceTree = "<group>";
		};
		F44C45A21947767300EF0F2A /* Main.storyboard */ = {
			isa = PBXVariantGroup;
			children = (
				F44C45A31947767300EF0F2A /* Base */,
			);
			name = Main.storyboard;
			sourceTree = "<group>";
		};
		F44C45BD1947767300EF0F2A /* InfoPlist.strings */ = {
			isa = PBXVariantGroup;
			children = (
				F44C45BE1947767300EF0F2A /* en */,
			);
			name = InfoPlist.strings;
			sourceTree = "<group>";
		};
/* End PBXVariantGroup section */

/* Begin XCBuildConfiguration section */
		F44C45C21947767400EF0F2A /* Debug */ = {
			isa = XCBuildConfiguration;
			buildSettings = {
				ALWAYS_SEARCH_USER_PATHS = NO;
				CLANG_CXX_LANGUAGE_STANDARD = "gnu++0x";
				CLANG_CXX_LIBRARY = "libc++";
				CLANG_ENABLE_MODULES = YES;
				CLANG_ENABLE_OBJC_ARC = YES;
				CLANG_WARN_BOOL_CONVERSION = YES;
				CLANG_WARN_CONSTANT_CONVERSION = YES;
				CLANG_WARN_DIRECT_OBJC_ISA_USAGE = YES_ERROR;
				CLANG_WARN_EMPTY_BODY = YES;
				CLANG_WARN_ENUM_CONVERSION = YES;
				CLANG_WARN_INT_CONVERSION = YES;
				CLANG_WARN_OBJC_ROOT_CLASS = YES_ERROR;
				CLANG_WARN__DUPLICATE_METHOD_MATCH = YES;
				"CODE_SIGN_IDENTITY[sdk=iphoneos*]" = "iPhone Developer";
				COPY_PHASE_STRIP = NO;
				GCC_C_LANGUAGE_STANDARD = gnu99;
				GCC_DYNAMIC_NO_PIC = NO;
				GCC_OPTIMIZATION_LEVEL = 0;
				GCC_PREPROCESSOR_DEFINITIONS = (
					"DEBUG=1",
					"$(inherited)",
				);
				GCC_SYMBOLS_PRIVATE_EXTERN = NO;
				GCC_WARN_64_TO_32_BIT_CONVERSION = YES;
				GCC_WARN_ABOUT_RETURN_TYPE = YES_ERROR;
				GCC_WARN_UNDECLARED_SELECTOR = YES;
				GCC_WARN_UNINITIALIZED_AUTOS = YES_AGGRESSIVE;
				GCC_WARN_UNUSED_FUNCTION = YES;
				GCC_WARN_UNUSED_VARIABLE = YES;
				IPHONEOS_DEPLOYMENT_TARGET = 7.1;
				ONLY_ACTIVE_ARCH = YES;
				SDKROOT = iphoneos;
			};
			name = Debug;
		};
		F44C45C31947767400EF0F2A /* Release */ = {
			isa = XCBuildConfiguration;
			buildSettings = {
				ALWAYS_SEARCH_USER_PATHS = NO;
				CLANG_CXX_LANGUAGE_STANDARD = "gnu++0x";
				CLANG_CXX_LIBRARY = "libc++";
				CLANG_ENABLE_MODULES = YES;
				CLANG_ENABLE_OBJC_ARC = YES;
				CLANG_WARN_BOOL_CONVERSION = YES;
				CLANG_WARN_CONSTANT_CONVERSION = YES;
				CLANG_WARN_DIRECT_OBJC_ISA_USAGE = YES_ERROR;
				CLANG_WARN_EMPTY_BODY = YES;
				CLANG_WARN_ENUM_CONVERSION = YES;
				CLANG_WARN_INT_CONVERSION = YES;
				CLANG_WARN_OBJC_ROOT_CLASS = YES_ERROR;
				CLANG_WARN__DUPLICATE_METHOD_MATCH = YES;
				"CODE_SIGN_IDENTITY[sdk=iphoneos*]" = "iPhone Developer";
				COPY_PHASE_STRIP = YES;
				ENABLE_NS_ASSERTIONS = NO;
				GCC_C_LANGUAGE_STANDARD = gnu99;
				GCC_WARN_64_TO_32_BIT_CONVERSION = YES;
				GCC_WARN_ABOUT_RETURN_TYPE = YES_ERROR;
				GCC_WARN_UNDECLARED_SELECTOR = YES;
				GCC_WARN_UNINITIALIZED_AUTOS = YES_AGGRESSIVE;
				GCC_WARN_UNUSED_FUNCTION = YES;
				GCC_WARN_UNUSED_VARIABLE = YES;
				IPHONEOS_DEPLOYMENT_TARGET = 7.1;
				SDKROOT = iphoneos;
				VALIDATE_PRODUCT = YES;
			};
			name = Release;
		};
		F44C45C51947767400EF0F2A /* Debug */ = {
			isa = XCBuildConfiguration;
			buildSettings = {
				ASSETCATALOG_COMPILER_APPICON_NAME = AppIcon;
				ASSETCATALOG_COMPILER_LAUNCHIMAGE_NAME = LaunchImage;
				GCC_PRECOMPILE_PREFIX_HEADER = YES;
				GCC_PREFIX_HEADER = "SpriteKitDemo/SpriteKitDemo-Prefix.pch";
				INFOPLIST_FILE = "SpriteKitDemo/SpriteKitDemo-Info.plist";
				PRODUCT_NAME = "$(TARGET_NAME)";
				SPRITEKIT_TEXTURE_ATLAS_OUTPUT = YES;
				WRAPPER_EXTENSION = app;
			};
			name = Debug;
		};
		F44C45C61947767400EF0F2A /* Release */ = {
			isa = XCBuildConfiguration;
			buildSettings = {
				ASSETCATALOG_COMPILER_APPICON_NAME = AppIcon;
				ASSETCATALOG_COMPILER_LAUNCHIMAGE_NAME = LaunchImage;
				GCC_PRECOMPILE_PREFIX_HEADER = YES;
				GCC_PREFIX_HEADER = "SpriteKitDemo/SpriteKitDemo-Prefix.pch";
				INFOPLIST_FILE = "SpriteKitDemo/SpriteKitDemo-Info.plist";
				PRODUCT_NAME = "$(TARGET_NAME)";
				SPRITEKIT_TEXTURE_ATLAS_OUTPUT = YES;
				WRAPPER_EXTENSION = app;
			};
			name = Release;
		};
		F44C45C81947767400EF0F2A /* Debug */ = {
			isa = XCBuildConfiguration;
			buildSettings = {
				BUNDLE_LOADER = "$(BUILT_PRODUCTS_DIR)/SpriteKitDemo.app/SpriteKitDemo";
				FRAMEWORK_SEARCH_PATHS = (
					"$(SDKROOT)/Developer/Library/Frameworks",
					"$(inherited)",
					"$(DEVELOPER_FRAMEWORKS_DIR)",
				);
				GCC_PRECOMPILE_PREFIX_HEADER = YES;
				GCC_PREFIX_HEADER = "SpriteKitDemo/SpriteKitDemo-Prefix.pch";
				GCC_PREPROCESSOR_DEFINITIONS = (
					"DEBUG=1",
					"$(inherited)",
				);
				INFOPLIST_FILE = "SpriteKitDemoTests/SpriteKitDemoTests-Info.plist";
				PRODUCT_NAME = "$(TARGET_NAME)";
				TEST_HOST = "$(BUNDLE_LOADER)";
				WRAPPER_EXTENSION = xctest;
			};
			name = Debug;
		};
		F44C45C91947767400EF0F2A /* Release */ = {
			isa = XCBuildConfiguration;
			buildSettings = {
				BUNDLE_LOADER = "$(BUILT_PRODUCTS_DIR)/SpriteKitDemo.app/SpriteKitDemo";
				FRAMEWORK_SEARCH_PATHS = (
					"$(SDKROOT)/Developer/Library/Frameworks",
					"$(inherited)",
					"$(DEVELOPER_FRAMEWORKS_DIR)",
				);
				GCC_PRECOMPILE_PREFIX_HEADER = YES;
				GCC_PREFIX_HEADER = "SpriteKitDemo/SpriteKitDemo-Prefix.pch";
				INFOPLIST_FILE = "SpriteKitDemoTests/SpriteKitDemoTests-Info.plist";
				PRODUCT_NAME = "$(TARGET_NAME)";
				TEST_HOST = "$(BUNDLE_LOADER)";
				WRAPPER_EXTENSION = xctest;
			};
			name = Release;
		};
/* End XCBuildConfiguration section */

/* Begin XCConfigurationList section */
		F44C45861947767300EF0F2A /* Build configuration list for PBXProject "SpriteKitDemo" */ = {
			isa = XCConfigurationList;
			buildConfigurations = (
				F44C45C21947767400EF0F2A /* Debug */,
				F44C45C31947767400EF0F2A /* Release */,
			);
			defaultConfigurationIsVisible = 0;
			defaultConfigurationName = Release;
		};
		F44C45C41947767400EF0F2A /* Build configuration list for PBXNativeTarget "SpriteKitDemo" */ = {
			isa = XCConfigurationList;
			buildConfigurations = (
				F44C45C51947767400EF0F2A /* Debug */,
				F44C45C61947767400EF0F2A /* Release */,
			);
			defaultConfigurationIsVisible = 0;
			defaultConfigurationName = Release;
		};
		F44C45C71947767400EF0F2A /* Build configuration list for PBXNativeTarget "SpriteKitDemoTests" */ = {
			isa = XCConfigurationList;
			buildConfigurations = (
				F44C45C81947767400EF0F2A /* Debug */,
				F44C45C91947767400EF0F2A /* Release */,
			);
			defaultConfigurationIsVisible = 0;
			defaultConfigurationName = Release;
		};
/* End XCConfigurationList section */
	};
	rootObject = F44C45831947767300EF0F2A /* Project object */;
}
